{
  "name": "example3",
  "lockfileVersion": 3,
  "requires": true,
  "packages": {
    "": {
      "dependencies": {
        "date-format": "^4.0.14",
        "date-format-ms": "^1.2.1",
        "reverse-string": "^0.0.6",
        "word-count": "^0.2.2"
      }
    },
    "node_modules/date-format": {
      "version": "4.0.14",
      "resolved": "https://registry.npmjs.org/date-format/-/date-format-4.0.14.tgz",
      "integrity": "sha512-39BOQLs9ZjKh0/patS9nrT8wc3ioX3/eA/zgbKNopnF2wCqJEoxywwwElATYvRsXdnOxA/OQeQoFZ3rFjVajhg==",
      "engines": {
        "node": ">=4.0"
      }
    },
    "node_modules/date-format-ms": {
      "version": "1.2.1",
      "resolved": "https://registry.npmjs.org/date-format-ms/-/date-format-ms-1.2.1.tgz",
      "integrity": "sha512-uU6bf3Ofa3cEvh1G+OyU7+pkD+MdY51fS7adorZMdUqf8STTb1xS+cKaJ5EBWjEp3NH/n6em+kUY8pboZoW6Fw=="
    },
    "node_modules/reverse-string": {
      "version": "0.0.6",
      "resolved": "https://registry.npmjs.org/reverse-string/-/reverse-string-0.0.6.tgz",
      "integrity": "sha512-VO0eSW+fTbc6xXimk5O5IiOyRp8VNB7WH0CMCjmuSSUbZDcO5ry9Hp7EziRDy0i8LWTR3luYKfE2KuBTWQbWtQ==",
      "engines": {
        "node": ">=0.10.0"
      }
    },
    "node_modules/word-count": {
      "version": "0.2.2",
      "resolved": "https://registry.npmjs.org/word-count/-/word-count-0.2.2.tgz",
      "integrity": "sha512-tPRTbQ+nTCPY3F0z1f/y0PX22ScE6l/4/8j9KqA3h77JhlZ/w6cbVS8LIO5Pq/aV96SWBOoiE2IEgzxF0Cn+kA=="
    }
  }
}
